Microsoft Visual Studio Solution File, Format Version 12.00
# Visual Studio Version 17
VisualStudioVersion = 17.5.2.0
MinimumVisualStudioVersion = 10.0.40219.1
Project("{FAE04EC0-301F-11D3-BF4B-00C04F79EFBC}") = "SecureMalloc.Dashboard", "SecureMalloc.Dashboard\SecureMalloc.Dashboard.csproj", "{1BCD54C9-1BE9-3A3B-DF60-B298129B555E}"
EndProject
Global
	GlobalSection(SolutionConfigurationPlatforms) = preSolution
		Debug|Any CPU = Debug|Any CPU
		Release|Any CPU = Release|Any CPU
	EndGlobalSection
	GlobalSection(ProjectConfigurationPlatforms) = postSolution
		{1BCD54C9-1BE9-3A3B-DF60-B298129B555E}.Debug|Any CPU.ActiveCfg = Debug|Any CPU
		{1BCD54C9-1BE9-3A3B-DF60-B298129B555E}.Debug|Any CPU.Build.0 = Debug|Any CPU
		{1BCD54C9-1BE9-3A3B-DF60-B298129B555E}.Release|Any CPU.ActiveCfg = Release|Any CPU
		{1BCD54C9-1BE9-3A3B-DF60-B298129B555E}.Release|Any CPU.Build.0 = Release|Any CPU
	EndGlobalSection
	GlobalSection(SolutionProperties) = preSolution
		HideSolutionNode = FALSE
	EndGlobalSection
	GlobalSection(ExtensibilityGlobals) = postSolution
		SolutionGuid = {AC597DC9-A3BB-4CA4-B2BC-2B435C4CE8CD}
	EndGlobalSection
EndGlobal
